
Microsoft Visual Studio Solution File, Format Version 12.00
# Visual Studio 15
VisualStudioVersion = 15.0.28010.2046
MinimumVisualStudioVersion = 10.0.40219.1
Project("{FAE04EC0-301F-11D3-BF4B-00C04F79EFBC}") = "BuilderPattern", "BuilderPattern\BuilderPattern.csproj", "{769D5539-C44D-44B1-8321-6283F6AA392E}"
EndProject
Global
	GlobalSection(SolutionConfigurationPlatforms) = preSolution
		Debug|Any CPU = Debug|Any CPU
		Release|Any CPU = Release|Any CPU
	EndGlobalSection
	GlobalSection(ProjectConfigurationPlatforms) = postSolution
		{769D5539-C44D-44B1-8321-6283F6AA392E}.Debug|Any CPU.ActiveCfg = Debug|Any CPU
		{769D5539-C44D-44B1-8321-6283F6AA392E}.Debug|Any CPU.Build.0 = Debug|Any CPU
		{769D5539-C44D-44B1-8321-6283F6AA392E}.Release|Any CPU.ActiveCfg = Release|Any CPU
		{769D5539-C44D-44B1-8321-6283F6AA392E}.Release|Any CPU.Build.0 = Release|Any CPU
	EndGlobalSection
	GlobalSection(SolutionProperties) = preSolution
		HideSolutionNode = FALSE
	EndGlobalSection
	GlobalSection(ExtensibilityGlobals) = postSolution
		SolutionGuid = {8C95DC3B-B4A3-48A3-9B61-95950ECED0A2}
	EndGlobalSection
EndGlobal
